
Microsoft Visual Studio Solution File, Format Version 12.00
# Visual Studio Version 17
VisualStudioVersion = 17.2.32630.192
MinimumVisualStudioVersion = 10.0.40219.1
Project("{FAE04EC0-301F-11D3-BF4B-00C04F79EFBC}") = "Zeiss.CustomerMgnt", "Zeiss.CustomerMgnt\Zeiss.CustomerMgnt.csproj", "{29319320-4D2A-4C56-84E2-95A796CE3A99}"
EndProject
Project("{FAE04EC0-301F-11D3-BF4B-00C04F79EFBC}") = "Zeiss.BL", "Zeiss.BL\Zeiss.BL.csproj", "{9B7EF5C2-299A-421F-B9F8-0052777B531F}"
EndProject
Project("{FAE04EC0-301F-11D3-BF4B-00C04F79EFBC}") = "Zeiss.DL", "Zeiss.DL\Zeiss.DL.csproj", "{13E0B5A2-F260-4B74-87BB-18D15DB8AE69}"
EndProject
Global
	GlobalSection(SolutionConfigurationPlatforms) = preSolution
		Debug|Any CPU = Debug|Any CPU
		Release|Any CPU = Release|Any CPU
	EndGlobalSection
	GlobalSection(ProjectConfigurationPlatforms) = postSolution
		{29319320-4D2A-4C56-84E2-95A796CE3A99}.Debug|Any CPU.ActiveCfg = Debug|Any CPU
		{29319320-4D2A-4C56-84E2-95A796CE3A99}.Debug|Any CPU.Build.0 = Debug|Any CPU
		{29319320-4D2A-4C56-84E2-95A796CE3A99}.Release|Any CPU.ActiveCfg = Release|Any CPU
		{29319320-4D2A-4C56-84E2-95A796CE3A99}.Release|Any CPU.Build.0 = Release|Any CPU
		{9B7EF5C2-299A-421F-B9F8-0052777B531F}.Debug|Any CPU.ActiveCfg = Debug|Any CPU
		{9B7EF5C2-299A-421F-B9F8-0052777B531F}.Debug|Any CPU.Build.0 = Debug|Any CPU
		{9B7EF5C2-299A-421F-B9F8-0052777B531F}.Release|Any CPU.ActiveCfg = Release|Any CPU
		{9B7EF5C2-299A-421F-B9F8-0052777B531F}.Release|Any CPU.Build.0 = Release|Any CPU
		{13E0B5A2-F260-4B74-87BB-18D15DB8AE69}.Debug|Any CPU.ActiveCfg = Debug|Any CPU
		{13E0B5A2-F260-4B74-87BB-18D15DB8AE69}.Debug|Any CPU.Build.0 = Debug|Any CPU
		{13E0B5A2-F260-4B74-87BB-18D15DB8AE69}.Release|Any CPU.ActiveCfg = Release|Any CPU
		{13E0B5A2-F260-4B74-87BB-18D15DB8AE69}.Release|Any CPU.Build.0 = Release|Any CPU
	EndGlobalSection
	GlobalSection(SolutionProperties) = preSolution
		HideSolutionNode = FALSE
	EndGlobalSection
	GlobalSection(ExtensibilityGlobals) = postSolution
		SolutionGuid = {7F8B26B9-95FE-4255-9167-B875220834FB}
	EndGlobalSection
EndGlobal
